
Microsoft Visual Studio Solution File, Format Version 12.00
# Visual Studio 15
VisualStudioVersion = 15.0.27428.2037
MinimumVisualStudioVersion = 10.0.40219.1
Project("{FAE04EC0-301F-11D3-BF4B-00C04F79EFBC}") = "Lab 4 - Unit Tests", "Lab 4 - Unit Tests\Lab 4 - Unit Tests.csproj", "{77F57739-D76C-4BC6-AAD7-C322EC59B311}"
EndProject
Global
	GlobalSection(SolutionConfigurationPlatforms) = preSolution
		Debug|Any CPU = Debug|Any CPU
		Release|Any CPU = Release|Any CPU
	EndGlobalSection
	GlobalSection(ProjectConfigurationPlatforms) = postSolution
		{77F57739-D76C-4BC6-AAD7-C322EC59B311}.Debug|Any CPU.ActiveCfg = Debug|Any CPU
		{77F57739-D76C-4BC6-AAD7-C322EC59B311}.Debug|Any CPU.Build.0 = Debug|Any CPU
		{77F57739-D76C-4BC6-AAD7-C322EC59B311}.Release|Any CPU.ActiveCfg = Release|Any CPU
		{77F57739-D76C-4BC6-AAD7-C322EC59B311}.Release|Any CPU.Build.0 = Release|Any CPU
	EndGlobalSection
	GlobalSection(SolutionProperties) = preSolution
		HideSolutionNode = FALSE
	EndGlobalSection
	GlobalSection(ExtensibilityGlobals) = postSolution
		SolutionGuid = {543AEE9C-63A3-4BE7-8268-0A7212C9CC1C}
	EndGlobalSection
EndGlobal
